
Microsoft Visual Studio Solution File, Format Version 12.00
# Visual Studio Version 17
VisualStudioVersion = 17.6.33723.286
MinimumVisualStudioVersion = 10.0.40219.1
Project("{2150E333-8FDC-42A3-9474-1A3956D46DE8}") = "Internal", "Internal", "{27BC4734-AEA1-4230-B73C-C87EBEB8A2F6}"
EndProject
Project("{2150E333-8FDC-42A3-9474-1A3956D46DE8}") = "QActions", "QActions", "{68CE7465-B9BA-459B-8FED-76F81A68F41E}"
EndProject
Project("{2150E333-8FDC-42A3-9474-1A3956D46DE8}") = "Dlls", "Dlls", "{A6EB14E2-EE1E-4AE7-A6A5-5B363B527B7D}"
	ProjectSection(SolutionItems) = preProject
		Dlls\AboutThisFolder.md = Dlls\AboutThisFolder.md
	EndProjectSection
EndProject
Project("{2150E333-8FDC-42A3-9474-1A3956D46DE8}") = "Documentation", "Documentation", "{58ACDA0A-E66B-4661-8C58-67402480E87E}"
	ProjectSection(SolutionItems) = preProject
		Documentation\AboutThisFolder.md = Documentation\AboutThisFolder.md
	EndProjectSection
EndProject
Project("{2150E333-8FDC-42A3-9474-1A3956D46DE8}") = "Solution Items", "Solution Items", "{CDE02B43-FDCC-4485-988F-8DA5AEC8047D}"
	ProjectSection(SolutionItems) = preProject
		protocol.xml = protocol.xml
	EndProjectSection
EndProject
Project("{2150E333-8FDC-42A3-9474-1A3956D46DE8}") = "Code Analysis", "Code Analysis", "{D4AB68E2-7590-48CB-9969-EB7820ADE0BA}"
	ProjectSection(SolutionItems) = preProject
		Internal\Code Analysis\qaction-debug.ruleset = Internal\Code Analysis\qaction-debug.ruleset
		Internal\Code Analysis\qaction-release.ruleset = Internal\Code Analysis\qaction-release.ruleset
	EndProjectSection
EndProject
Project("{FAE04EC0-301F-11D3-BF4B-00C04F79EFBC}") = "QAction_Helper", "QAction_Helper\QAction_Helper.csproj", "{B8C643E1-86ED-4C77-9AAF-F7CF52E9C168}"
EndProject
Project("{FAE04EC0-301F-11D3-BF4B-00C04F79EFBC}") = "QAction_1", "QAction_1\QAction_1.csproj", "{FE8F7430-5C66-4FA2-A987-232724758A6E}"
EndProject
Project("{FAE04EC0-301F-11D3-BF4B-00C04F79EFBC}") = "QAction_2", "QAction_2\QAction_2.csproj", "{DBB61D54-05CD-4B4B-B70F-AFB46B41D75E}"
EndProject
Global
	GlobalSection(SolutionConfigurationPlatforms) = preSolution
		Debug|Any CPU = Debug|Any CPU
		Release|Any CPU = Release|Any CPU
	EndGlobalSection
	GlobalSection(ProjectConfigurationPlatforms) = postSolution
		{B8C643E1-86ED-4C77-9AAF-F7CF52E9C168}.Debug|Any CPU.ActiveCfg = Debug|Any CPU
		{B8C643E1-86ED-4C77-9AAF-F7CF52E9C168}.Debug|Any CPU.Build.0 = Debug|Any CPU
		{B8C643E1-86ED-4C77-9AAF-F7CF52E9C168}.Release|Any CPU.ActiveCfg = Release|Any CPU
		{B8C643E1-86ED-4C77-9AAF-F7CF52E9C168}.Release|Any CPU.Build.0 = Release|Any CPU
		{FE8F7430-5C66-4FA2-A987-232724758A6E}.Debug|Any CPU.ActiveCfg = Debug|Any CPU
		{FE8F7430-5C66-4FA2-A987-232724758A6E}.Debug|Any CPU.Build.0 = Debug|Any CPU
		{FE8F7430-5C66-4FA2-A987-232724758A6E}.Release|Any CPU.ActiveCfg = Release|Any CPU
		{FE8F7430-5C66-4FA2-A987-232724758A6E}.Release|Any CPU.Build.0 = Release|Any CPU
		{DBB61D54-05CD-4B4B-B70F-AFB46B41D75E}.Debug|Any CPU.ActiveCfg = Debug|Any CPU
		{DBB61D54-05CD-4B4B-B70F-AFB46B41D75E}.Debug|Any CPU.Build.0 = Debug|Any CPU
		{DBB61D54-05CD-4B4B-B70F-AFB46B41D75E}.Release|Any CPU.ActiveCfg = Release|Any CPU
		{DBB61D54-05CD-4B4B-B70F-AFB46B41D75E}.Release|Any CPU.Build.0 = Release|Any CPU
	EndGlobalSection
	GlobalSection(SolutionProperties) = preSolution
		HideSolutionNode = FALSE
	EndGlobalSection
	GlobalSection(NestedProjects) = preSolution
		{D4AB68E2-7590-48CB-9969-EB7820ADE0BA} = {27BC4734-AEA1-4230-B73C-C87EBEB8A2F6}
		{B8C643E1-86ED-4C77-9AAF-F7CF52E9C168} = {27BC4734-AEA1-4230-B73C-C87EBEB8A2F6}
		{FE8F7430-5C66-4FA2-A987-232724758A6E} = {68CE7465-B9BA-459B-8FED-76F81A68F41E}
		{DBB61D54-05CD-4B4B-B70F-AFB46B41D75E} = {68CE7465-B9BA-459B-8FED-76F81A68F41E}
	EndGlobalSection
	GlobalSection(ExtensibilityGlobals) = postSolution
		SolutionGuid = {8BA54CAC-9200-441D-8B6D-46CDC8389F1F}
	EndGlobalSection
EndGlobal
